
Microsoft Visual Studio Solution File, Format Version 12.00
# Visual Studio 15
VisualStudioVersion = 15.0.27130.2036
MinimumVisualStudioVersion = 10.0.40219.1
Project("{FAE04EC0-301F-11D3-BF4B-00C04F79EFBC}") = "DirectoryServices", "DirectoryServices\DirectoryServices.csproj", "{71BBF82C-84D2-409F-8BC0-A9F401B016FB}"
EndProject
Project("{FAE04EC0-301F-11D3-BF4B-00C04F79EFBC}") = "SyncAD2Portal", "SyncAD2Portal\SyncAD2Portal.csproj", "{BB4EFB13-9E71-4CD8-8618-7F7966033EA8}"
EndProject
Project("{2150E333-8FDC-42A3-9474-1A3956D46DE8}") = "Solution items", "Solution items", "{6E0D3D9C-C753-45D0-92EF-1299B6E8B1C1}"
	ProjectSection(SolutionItems) = preProject
		..\tools\scripts\CreateNuGetPackages.ps1 = ..\tools\scripts\CreateNuGetPackages.ps1
		nuget\snadmin\install-syncad2portal\manifest.xml = nuget\snadmin\install-syncad2portal\manifest.xml
		nuget\snadmin\install-syncportal2ad\manifest.xml = nuget\snadmin\install-syncportal2ad\manifest.xml
		nuget\readme-syncad2portal.txt = nuget\readme-syncad2portal.txt
		nuget\readme-syncportal2ad.txt = nuget\readme-syncportal2ad.txt
	EndProjectSection
EndProject
Global
	GlobalSection(SolutionConfigurationPlatforms) = preSolution
		Debug|Any CPU = Debug|Any CPU
		Release|Any CPU = Release|Any CPU
	EndGlobalSection
	GlobalSection(ProjectConfigurationPlatforms) = postSolution
		{71BBF82C-84D2-409F-8BC0-A9F401B016FB}.Debug|Any CPU.ActiveCfg = Debug|Any CPU
		{71BBF82C-84D2-409F-8BC0-A9F401B016FB}.Debug|Any CPU.Build.0 = Debug|Any CPU
		{71BBF82C-84D2-409F-8BC0-A9F401B016FB}.Release|Any CPU.ActiveCfg = Release|Any CPU
		{71BBF82C-84D2-409F-8BC0-A9F401B016FB}.Release|Any CPU.Build.0 = Release|Any CPU
		{BB4EFB13-9E71-4CD8-8618-7F7966033EA8}.Debug|Any CPU.ActiveCfg = Debug|Any CPU
		{BB4EFB13-9E71-4CD8-8618-7F7966033EA8}.Debug|Any CPU.Build.0 = Debug|Any CPU
		{BB4EFB13-9E71-4CD8-8618-7F7966033EA8}.Release|Any CPU.ActiveCfg = Release|Any CPU
		{BB4EFB13-9E71-4CD8-8618-7F7966033EA8}.Release|Any CPU.Build.0 = Release|Any CPU
	EndGlobalSection
	GlobalSection(SolutionProperties) = preSolution
		HideSolutionNode = FALSE
	EndGlobalSection
	GlobalSection(ExtensibilityGlobals) = postSolution
		SolutionGuid = {63564ECC-EDA4-4BC1-AADD-B2C08AB23B03}
	EndGlobalSection
EndGlobal
